// !$*UTF8*$!
{
	archiveVersion = 1;
	classes = {
	};
	objectVersion = 51;
	objects = {

/* Begin PBXBuildFile section */
		61E258AD23E6DC2100FB1694 /* just_safari_qrcode.entitlements in Resources */ = {isa = PBXBuildFile; fileRef = 61E258AC23E6DC2100FB1694 /* just_safari_qrcode.entitlements */; };
		61E258AF23E6DC2100FB1694 /* AppDelegate.swift in Sources */ = {isa = PBXBuildFile; fileRef = 61E258AE23E6DC2100FB1694 /* AppDelegate.swift */; };
		61E258B223E6DC2100FB1694 /* Main.storyboard in Resources */ = {isa = PBXBuildFile; fileRef = 61E258B023E6DC2100FB1694 /* Main.storyboard */; };
		61E258B423E6DC2100FB1694 /* ViewController.swift in Sources */ = {isa = PBXBuildFile; fileRef = 61E258B323E6DC2100FB1694 /* ViewController.swift */; };
		61E258B623E6DC2300FB1694 /* Assets.xcassets in Resources */ = {isa = PBXBuildFile; fileRef = 61E258B523E6DC2300FB1694 /* Assets.xcassets */; };
		61E258C123E6DC2400FB1694 /* just_safari_qrcodeTests.swift in Sources */ = {isa = PBXBuildFile; fileRef = 61E258C023E6DC2400FB1694 /* just_safari_qrcodeTests.swift */; };
		61E258CC23E6DC2400FB1694 /* just_safari_qrcodeUITests.swift in Sources */ = {isa = PBXBuildFile; fileRef = 61E258CB23E6DC2400FB1694 /* just_safari_qrcodeUITests.swift */; };
		61E258D323E6DC2400FB1694 /* just-safari-qrcode Extension.appex in Embed App Extensions */ = {isa = PBXBuildFile; fileRef = 61E258D223E6DC2400FB1694 /* just-safari-qrcode Extension.appex */; settings = {ATTRIBUTES = (RemoveHeadersOnCopy, ); }; };
		61E258D823E6DC2400FB1694 /* Cocoa.framework in Frameworks */ = {isa = PBXBuildFile; fileRef = 61E258D723E6DC2400FB1694 /* Cocoa.framework */; };
		61E258DB23E6DC2400FB1694 /* SafariExtensionHandler.swift in Sources */ = {isa = PBXBuildFile; fileRef = 61E258DA23E6DC2400FB1694 /* SafariExtensionHandler.swift */; };
		61E258DD23E6DC2400FB1694 /* SafariExtensionViewController.swift in Sources */ = {isa = PBXBuildFile; fileRef = 61E258DC23E6DC2400FB1694 /* SafariExtensionViewController.swift */; };
		61E258E023E6DC2400FB1694 /* SafariExtensionViewController.xib in Resources */ = {isa = PBXBuildFile; fileRef = 61E258DE23E6DC2400FB1694 /* SafariExtensionViewController.xib */; };
		61E258E323E6DC2400FB1694 /* script.js in Resources */ = {isa = PBXBuildFile; fileRef = 61E258E223E6DC2400FB1694 /* script.js */; };
		61E258E523E6DC2400FB1694 /* ToolbarItemIcon.pdf in Resources */ = {isa = PBXBuildFile; fileRef = 61E258E423E6DC2400FB1694 /* ToolbarItemIcon.pdf */; };
		61E258F923E81C7B00FB1694 /* Podfile in Resources */ = {isa = PBXBuildFile; fileRef = 61E258F823E81C7B00FB1694 /* Podfile */; };
		BF03EC1321F4F80D44FD3761 /* Pods_just_safari_qrcode_just_safari_qrcodeUITests.framework in Frameworks */ = {isa = PBXBuildFile; fileRef = 1EF29AB946DB7E7B44C34D06 /* Pods_just_safari_qrcode_just_safari_qrcodeUITests.framework */; };
		CABD366C7D93F1C584E3A4AF /* Pods_just_safari_qrcode_Extension.framework in Frameworks */ = {isa = PBXBuildFile; fileRef = 81824A87297A39EAE00EDB72 /* Pods_just_safari_qrcode_Extension.framework */; };
		D1007C383B547B57FF4AFB0E /* Pods_just_safari_qrcode.framework in Frameworks */ = {isa = PBXBuildFile; fileRef = 61E5C2D10EAFA4EEFD4DA171 /* Pods_just_safari_qrcode.framework */; };
		DB9B006F15456AE8D164F6C9 /* Pods_just_safari_qrcodeTests.framework in Frameworks */ = {isa = PBXBuildFile; fileRef = E7154CD9F8D3D5B905ABD78E /* Pods_just_safari_qrcodeTests.framework */; };
/* End PBXBuildFile section */

/* Begin PBXContainerItemProxy section */
		61E258BD23E6DC2400FB1694 /* PBXContainerItemProxy */ = {
			isa = PBXContainerItemProxy;
			containerPortal = 61E258A123E6DC2100FB1694 /* Project object */;
			proxyType = 1;
			remoteGlobalIDString = 61E258A823E6DC2100FB1694;
			remoteInfo = "just-safari-qrcode";
		};
		61E258C823E6DC2400FB1694 /* PBXContainerItemProxy */ = {
			isa = PBXContainerItemProxy;
			containerPortal = 61E258A123E6DC2100FB1694 /* Project object */;
			proxyType = 1;
			remoteGlobalIDString = 61E258A823E6DC2100FB1694;
			remoteInfo = "just-safari-qrcode";
		};
		61E258D423E6DC2400FB1694 /* PBXContainerItemProxy */ = {
			isa = PBXContainerItemProxy;
			containerPortal = 61E258A123E6DC2100FB1694 /* Project object */;
			proxyType = 1;
			remoteGlobalIDString = 61E258D123E6DC2400FB1694;
			remoteInfo = "just-safari-qrcode Extension";
		};
/* End PBXContainerItemProxy section */

/* Begin PBXCopyFilesBuildPhase section */
		61E258EC23E6DC2400FB1694 /* Embed App Extensions */ = {
			isa = PBXCopyFilesBuildPhase;
			buildActionMask = 2147483647;
			dstPath = "";
			dstSubfolderSpec = 13;
			files = (
				61E258D323E6DC2400FB1694 /* just-safari-qrcode Extension.appex in Embed App Extensions */,
			);
			name = "Embed App Extensions";
			runOnlyForDeploymentPostprocessing = 0;
		};
/* End PBXCopyFilesBuildPhase section */

/* Begin PBXFileReference section */
		04913960DD7AF744EAE487A1 /* Pods-just-safari-qrcodeTests.release.xcconfig */ = {isa = PBXFileReference; includeInIndex = 1; lastKnownFileType = text.xcconfig; name = "Pods-just-safari-qrcodeTests.release.xcconfig"; path = "Target Support Files/Pods-just-safari-qrcodeTests/Pods-just-safari-qrcodeTests.release.xcconfig"; sourceTree = "<group>"; };
		107975DE5B388D44468108A1 /* Pods-just-safari-qrcode Extension.debug.xcconfig */ = {isa = PBXFileReference; includeInIndex = 1; lastKnownFileType = text.xcconfig; name = "Pods-just-safari-qrcode Extension.debug.xcconfig"; path = "Target Support Files/Pods-just-safari-qrcode Extension/Pods-just-safari-qrcode Extension.debug.xcconfig"; sourceTree = "<group>"; };
		16D2BD93ED18A8719A9B429F /* Pods-just-safari-qrcode.debug.xcconfig */ = {isa = PBXFileReference; includeInIndex = 1; lastKnownFileType = text.xcconfig; name = "Pods-just-safari-qrcode.debug.xcconfig"; path = "Target Support Files/Pods-just-safari-qrcode/Pods-just-safari-qrcode.debug.xcconfig"; sourceTree = "<group>"; };
		1EF29AB946DB7E7B44C34D06 /* Pods_just_safari_qrcode_just_safari_qrcodeUITests.framework */ = {isa = PBXFileReference; explicitFileType = wrapper.framework; includeInIndex = 0; path = Pods_just_safari_qrcode_just_safari_qrcodeUITests.framework; sourceTree = BUILT_PRODUCTS_DIR; };
		5BE36FF8132D9C5E7F81612D /* Pods-just-safari-qrcodeTests.debug.xcconfig */ = {isa = PBXFileReference; includeInIndex = 1; lastKnownFileType = text.xcconfig; name = "Pods-just-safari-qrcodeTests.debug.xcconfig"; path = "Target Support Files/Pods-just-safari-qrcodeTests/Pods-just-safari-qrcodeTests.debug.xcconfig"; sourceTree = "<group>"; };
		61E258A923E6DC2100FB1694 /* just-safari-qrcode.app */ = {isa = PBXFileReference; explicitFileType = wrapper.application; includeInIndex = 0; path = "just-safari-qrcode.app"; sourceTree = BUILT_PRODUCTS_DIR; };
		61E258AC23E6DC2100FB1694 /* just_safari_qrcode.entitlements */ = {isa = PBXFileReference; lastKnownFileType = text.plist.entitlements; path = just_safari_qrcode.entitlements; sourceTree = "<group>"; };
		61E258AE23E6DC2100FB1694 /* AppDelegate.swift */ = {isa = PBXFileReference; lastKnownFileType = sourcecode.swift; path = AppDelegate.swift; sourceTree = "<group>"; };
		61E258B123E6DC2100FB1694 /* Base */ = {isa = PBXFileReference; lastKnownFileType = file.storyboard; name = Base; path = Base.lproj/Main.storyboard; sourceTree = "<group>"; };
		61E258B323E6DC2100FB1694 /* ViewController.swift */ = {isa = PBXFileReference; lastKnownFileType = sourcecode.swift; path = ViewController.swift; sourceTree = "<group>"; };
		61E258B523E6DC2300FB1694 /* Assets.xcassets */ = {isa = PBXFileReference; lastKnownFileType = folder.assetcatalog; path = Assets.xcassets; sourceTree = "<group>"; };
		61E258B723E6DC2300FB1694 /* Info.plist */ = {isa = PBXFileReference; lastKnownFileType = text.plist.xml; path = Info.plist; sourceTree = "<group>"; };
		61E258BC23E6DC2400FB1694 /* just-safari-qrcodeTests.xctest */ = {isa = PBXFileReference; explicitFileType = wrapper.cfbundle; includeInIndex = 0; path = "just-safari-qrcodeTests.xctest"; sourceTree = BUILT_PRODUCTS_DIR; };
		61E258C023E6DC2400FB1694 /* just_safari_qrcodeTests.swift */ = {isa = PBXFileReference; lastKnownFileType = sourcecode.swift; path = just_safari_qrcodeTests.swift; sourceTree = "<group>"; };
		61E258C223E6DC2400FB1694 /* Info.plist */ = {isa = PBXFileReference; lastKnownFileType = text.plist.xml; path = Info.plist; sourceTree = "<group>"; };
		61E258C723E6DC2400FB1694 /* just-safari-qrcodeUITests.xctest */ = {isa = PBXFileReference; explicitFileType = wrapper.cfbundle; includeInIndex = 0; path = "just-safari-qrcodeUITests.xctest"; sourceTree = BUILT_PRODUCTS_DIR; };
		61E258CB23E6DC2400FB1694 /* just_safari_qrcodeUITests.swift */ = {isa = PBXFileReference; lastKnownFileType = sourcecode.swift; path = just_safari_qrcodeUITests.swift; sourceTree = "<group>"; };
		61E258CD23E6DC2400FB1694 /* Info.plist */ = {isa = PBXFileReference; lastKnownFileType = text.plist.xml; path = Info.plist; sourceTree = "<group>"; };
		61E258D223E6DC2400FB1694 /* just-safari-qrcode Extension.appex */ = {isa = PBXFileReference; explicitFileType = "wrapper.app-extension"; includeInIndex = 0; path = "just-safari-qrcode Extension.appex"; sourceTree = BUILT_PRODUCTS_DIR; };
		61E258D723E6DC2400FB1694 /* Cocoa.framework */ = {isa = PBXFileReference; lastKnownFileType = wrapper.framework; name = Cocoa.framework; path = System/Library/Frameworks/Cocoa.framework; sourceTree = SDKROOT; };
		61E258DA23E6DC2400FB1694 /* SafariExtensionHandler.swift */ = {isa = PBXFileReference; lastKnownFileType = sourcecode.swift; path = SafariExtensionHandler.swift; sourceTree = "<group>"; };
		61E258DC23E6DC2400FB1694 /* SafariExtensionViewController.swift */ = {isa = PBXFileReference; lastKnownFileType = sourcecode.swift; path = SafariExtensionViewController.swift; sourceTree = "<group>"; };
		61E258DF23E6DC2400FB1694 /* Base */ = {isa = PBXFileReference; lastKnownFileType = file.xib; name = Base; path = Base.lproj/SafariExtensionViewController.xib; sourceTree = "<group>"; };
		61E258E123E6DC2400FB1694 /* Info.plist */ = {isa = PBXFileReference; lastKnownFileType = text.plist.xml; path = Info.plist; sourceTree = "<group>"; };
		61E258E223E6DC2400FB1694 /* script.js */ = {isa = PBXFileReference; lastKnownFileType = sourcecode.javascript; path = script.js; sourceTree = "<group>"; };
		61E258E423E6DC2400FB1694 /* ToolbarItemIcon.pdf */ = {isa = PBXFileReference; lastKnownFileType = image.pdf; path = ToolbarItemIcon.pdf; sourceTree = "<group>"; };
		61E258E623E6DC2400FB1694 /* just_safari_qrcode_Extension.entitlements */ = {isa = PBXFileReference; lastKnownFileType = text.plist.entitlements; path = just_safari_qrcode_Extension.entitlements; sourceTree = "<group>"; };
		61E258F823E81C7B00FB1694 /* Podfile */ = {isa = PBXFileReference; fileEncoding = 4; lastKnownFileType = text; path = Podfile; sourceTree = SOURCE_ROOT; xcLanguageSpecificationIdentifier = xcode.lang.ruby; };
		61E5C2D10EAFA4EEFD4DA171 /* Pods_just_safari_qrcode.framework */ = {isa = PBXFileReference; explicitFileType = wrapper.framework; includeInIndex = 0; path = Pods_just_safari_qrcode.framework; sourceTree = BUILT_PRODUCTS_DIR; };
		81824A87297A39EAE00EDB72 /* Pods_just_safari_qrcode_Extension.framework */ = {isa = PBXFileReference; explicitFileType = wrapper.framework; includeInIndex = 0; path = Pods_just_safari_qrcode_Extension.framework; sourceTree = BUILT_PRODUCTS_DIR; };
		81AC2799CD6F99DEC8830035 /* Pods-just-safari-qrcode-just-safari-qrcodeUITests.debug.xcconfig */ = {isa = PBXFileReference; includeInIndex = 1; lastKnownFileType = text.xcconfig; name = "Pods-just-safari-qrcode-just-safari-qrcodeUITests.debug.xcconfig"; path = "Target Support Files/Pods-just-safari-qrcode-just-safari-qrcodeUITests/Pods-just-safari-qrcode-just-safari-qrcodeUITests.debug.xcconfig"; sourceTree = "<group>"; };
		8B75A950E6B38E15DD778A98 /* Pods-just-safari-qrcode-just-safari-qrcodeUITests.release.xcconfig */ = {isa = PBXFileReference; includeInIndex = 1; lastKnownFileType = text.xcconfig; name = "Pods-just-safari-qrcode-just-safari-qrcodeUITests.release.xcconfig"; path = "Target Support Files/Pods-just-safari-qrcode-just-safari-qrcodeUITests/Pods-just-safari-qrcode-just-safari-qrcodeUITests.release.xcconfig"; sourceTree = "<group>"; };
		C8F8A50687D24D742F8F8F67 /* Pods-just-safari-qrcode.release.xcconfig */ = {isa = PBXFileReference; includeInIndex = 1; lastKnownFileType = text.xcconfig; name = "Pods-just-safari-qrcode.release.xcconfig"; path = "Target Support Files/Pods-just-safari-qrcode/Pods-just-safari-qrcode.release.xcconfig"; sourceTree = "<group>"; };
		E20CE94D8B3E3981D8F8C97B /* Pods-just-safari-qrcode Extension.release.xcconfig */ = {isa = PBXFileReference; includeInIndex = 1; lastKnownFileType = text.xcconfig; name = "Pods-just-safari-qrcode Extension.release.xcconfig"; path = "Target Support Files/Pods-just-safari-qrcode Extension/Pods-just-safari-qrcode Extension.release.xcconfig"; sourceTree = "<group>"; };
		E7154CD9F8D3D5B905ABD78E /* Pods_just_safari_qrcodeTests.framework */ = {isa = PBXFileReference; explicitFileType = wrapper.framework; includeInIndex = 0; path = Pods_just_safari_qrcodeTests.framework; sourceTree = BUILT_PRODUCTS_DIR; };
/* End PBXFileReference section */

/* Begin PBXFrameworksBuildPhase section */
		61E258A623E6DC2100FB1694 /* Frameworks */ = {
			isa = PBXFrameworksBuildPhase;
			buildActionMask = 2147483647;
			files = (
				D1007C383B547B57FF4AFB0E /* Pods_just_safari_qrcode.framework in Frameworks */,
			);
			runOnlyForDeploymentPostprocessing = 0;
		};
		61E258B923E6DC2400FB1694 /* Frameworks */ = {
			isa = PBXFrameworksBuildPhase;
			buildActionMask = 2147483647;
			files = (
				DB9B006F15456AE8D164F6C9 /* Pods_just_safari_qrcodeTests.framework in Frameworks */,
			);
			runOnlyForDeploymentPostprocessing = 0;
		};
		61E258C423E6DC2400FB1694 /* Frameworks */ = {
			isa = PBXFrameworksBuildPhase;
			buildActionMask = 2147483647;
			files = (
				BF03EC1321F4F80D44FD3761 /* Pods_just_safari_qrcode_just_safari_qrcodeUITests.framework in Frameworks */,
			);
			runOnlyForDeploymentPostprocessing = 0;
		};
		61E258CF23E6DC2400FB1694 /* Frameworks */ = {
			isa = PBXFrameworksBuildPhase;
			buildActionMask = 2147483647;
			files = (
				61E258D823E6DC2400FB1694 /* Cocoa.framework in Frameworks */,
				CABD366C7D93F1C584E3A4AF /* Pods_just_safari_qrcode_Extension.framework in Frameworks */,
			);
			runOnlyForDeploymentPostprocessing = 0;
		};
/* End PBXFrameworksBuildPhase section */

/* Begin PBXGroup section */
		3AB5B7C6B3F8DFF3166A3981 /* Pods */ = {
			isa = PBXGroup;
			children = (
				16D2BD93ED18A8719A9B429F /* Pods-just-safari-qrcode.debug.xcconfig */,
				C8F8A50687D24D742F8F8F67 /* Pods-just-safari-qrcode.release.xcconfig */,
				107975DE5B388D44468108A1 /* Pods-just-safari-qrcode Extension.debug.xcconfig */,
				E20CE94D8B3E3981D8F8C97B /* Pods-just-safari-qrcode Extension.release.xcconfig */,
				81AC2799CD6F99DEC8830035 /* Pods-just-safari-qrcode-just-safari-qrcodeUITests.debug.xcconfig */,
				8B75A950E6B38E15DD778A98 /* Pods-just-safari-qrcode-just-safari-qrcodeUITests.release.xcconfig */,
				5BE36FF8132D9C5E7F81612D /* Pods-just-safari-qrcodeTests.debug.xcconfig */,
				04913960DD7AF744EAE487A1 /* Pods-just-safari-qrcodeTests.release.xcconfig */,
			);
			path = Pods;
			sourceTree = "<group>";
		};
		61E258A023E6DC2100FB1694 = {
			isa = PBXGroup;
			children = (
				61E258AB23E6DC2100FB1694 /* just-safari-qrcode */,
				61E258BF23E6DC2400FB1694 /* just-safari-qrcodeTests */,
				61E258CA23E6DC2400FB1694 /* just-safari-qrcodeUITests */,
				61E258D923E6DC2400FB1694 /* just-safari-qrcode Extension */,
				61E258D623E6DC2400FB1694 /* Frameworks */,
				61E258AA23E6DC2100FB1694 /* Products */,
				61E258F823E81C7B00FB1694 /* Podfile */,
				3AB5B7C6B3F8DFF3166A3981 /* Pods */,
			);
			sourceTree = "<group>";
		};
		61E258AA23E6DC2100FB1694 /* Products */ = {
			isa = PBXGroup;
			children = (
				61E258A923E6DC2100FB1694 /* just-safari-qrcode.app */,
				61E258BC23E6DC2400FB1694 /* just-safari-qrcodeTests.xctest */,
				61E258C723E6DC2400FB1694 /* just-safari-qrcodeUITests.xctest */,
				61E258D223E6DC2400FB1694 /* just-safari-qrcode Extension.appex */,
			);
			name = Products;
			sourceTree = "<group>";
		};
		61E258AB23E6DC2100FB1694 /* just-safari-qrcode */ = {
			isa = PBXGroup;
			children = (
				61E258AC23E6DC2100FB1694 /* just_safari_qrcode.entitlements */,
				61E258AE23E6DC2100FB1694 /* AppDelegate.swift */,
				61E258B023E6DC2100FB1694 /* Main.storyboard */,
				61E258B323E6DC2100FB1694 /* ViewController.swift */,
				61E258B523E6DC2300FB1694 /* Assets.xcassets */,
				61E258B723E6DC2300FB1694 /* Info.plist */,
			);
			path = "just-safari-qrcode";
			sourceTree = "<group>";
		};
		61E258BF23E6DC2400FB1694 /* just-safari-qrcodeTests */ = {
			isa = PBXGroup;
			children = (
				61E258C023E6DC2400FB1694 /* just_safari_qrcodeTests.swift */,
				61E258C223E6DC2400FB1694 /* Info.plist */,
			);
			path = "just-safari-qrcodeTests";
			sourceTree = "<group>";
		};
		61E258CA23E6DC2400FB1694 /* just-safari-qrcodeUITests */ = {
			isa = PBXGroup;
			children = (
				61E258CB23E6DC2400FB1694 /* just_safari_qrcodeUITests.swift */,
				61E258CD23E6DC2400FB1694 /* Info.plist */,
			);
			path = "just-safari-qrcodeUITests";
			sourceTree = "<group>";
		};
		61E258D623E6DC2400FB1694 /* Frameworks */ = {
			isa = PBXGroup;
			children = (
				61E258D723E6DC2400FB1694 /* Cocoa.framework */,
				61E5C2D10EAFA4EEFD4DA171 /* Pods_just_safari_qrcode.framework */,
				81824A87297A39EAE00EDB72 /* Pods_just_safari_qrcode_Extension.framework */,
				1EF29AB946DB7E7B44C34D06 /* Pods_just_safari_qrcode_just_safari_qrcodeUITests.framework */,
				E7154CD9F8D3D5B905ABD78E /* Pods_just_safari_qrcodeTests.framework */,
			);
			name = Frameworks;
			sourceTree = "<group>";
		};
		61E258D923E6DC2400FB1694 /* just-safari-qrcode Extension */ = {
			isa = PBXGroup;
			children = (
				61E258DA23E6DC2400FB1694 /* SafariExtensionHandler.swift */,
				61E258DC23E6DC2400FB1694 /* SafariExtensionViewController.swift */,
				61E258DE23E6DC2400FB1694 /* SafariExtensionViewController.xib */,
				61E258E123E6DC2400FB1694 /* Info.plist */,
				61E258E223E6DC2400FB1694 /* script.js */,
				61E258E423E6DC2400FB1694 /* ToolbarItemIcon.pdf */,
				61E258E623E6DC2400FB1694 /* just_safari_qrcode_Extension.entitlements */,
			);
			path = "just-safari-qrcode Extension";
			sourceTree = "<group>";
		};
/* End PBXGroup section */

/* Begin PBXNativeTarget section */
		61E258A823E6DC2100FB1694 /* just-safari-qrcode */ = {
			isa = PBXNativeTarget;
			buildConfigurationList = 61E258ED23E6DC2400FB1694 /* Build configuration list for PBXNativeTarget "just-safari-qrcode" */;
			buildPhases = (
				9E0B8317BD7504E0B075438D /* [CP] Check Pods Manifest.lock */,
				61E258A523E6DC2100FB1694 /* Sources */,
				61E258A623E6DC2100FB1694 /* Frameworks */,
				61E258A723E6DC2100FB1694 /* Resources */,
				61E258EC23E6DC2400FB1694 /* Embed App Extensions */,
				78BC9F60C9A31FA4C8416A98 /* [CP] Embed Pods Frameworks */,
			);
			buildRules = (
			);
			dependencies = (
				61E258D523E6DC2400FB1694 /* PBXTargetDependency */,
			);
			name = "just-safari-qrcode";
			productName = "just-safari-qrcode";
			productReference = 61E258A923E6DC2100FB1694 /* just-safari-qrcode.app */;
			productType = "com.apple.product-type.application";
		};
		61E258BB23E6DC2400FB1694 /* just-safari-qrcodeTests */ = {
			isa = PBXNativeTarget;
			buildConfigurationList = 61E258F023E6DC2400FB1694 /* Build configuration list for PBXNativeTarget "just-safari-qrcodeTests" */;
			buildPhases = (
				33FA23F268897B6D9E385F11 /* [CP] Check Pods Manifest.lock */,
				61E258B823E6DC2400FB1694 /* Sources */,
				61E258B923E6DC2400FB1694 /* Frameworks */,
				61E258BA23E6DC2400FB1694 /* Resources */,
			);
			buildRules = (
			);
			dependencies = (
				61E258BE23E6DC2400FB1694 /* PBXTargetDependency */,
			);
			name = "just-safari-qrcodeTests";
			productName = "just-safari-qrcodeTests";
			productReference = 61E258BC23E6DC2400FB1694 /* just-safari-qrcodeTests.xctest */;
			productType = "com.apple.product-type.bundle.unit-test";
		};
		61E258C623E6DC2400FB1694 /* just-safari-qrcodeUITests */ = {
			isa = PBXNativeTarget;
			buildConfigurationList = 61E258F323E6DC2400FB1694 /* Build configuration list for PBXNativeTarget "just-safari-qrcodeUITests" */;
			buildPhases = (
				1957F659F3FDAA2D5D6EA011 /* [CP] Check Pods Manifest.lock */,
				61E258C323E6DC2400FB1694 /* Sources */,
				61E258C423E6DC2400FB1694 /* Frameworks */,
				61E258C523E6DC2400FB1694 /* Resources */,
				A430209EBADC702DF1A75596 /* [CP] Embed Pods Frameworks */,
			);
			buildRules = (
			);
			dependencies = (
				61E258C923E6DC2400FB1694 /* PBXTargetDependency */,
			);
			name = "just-safari-qrcodeUITests";
			productName = "just-safari-qrcodeUITests";
			productReference = 61E258C723E6DC2400FB1694 /* just-safari-qrcodeUITests.xctest */;
			productType = "com.apple.product-type.bundle.ui-testing";
		};
		61E258D123E6DC2400FB1694 /* just-safari-qrcode Extension */ = {
			isa = PBXNativeTarget;
			buildConfigurationList = 61E258E923E6DC2400FB1694 /* Build configuration list for PBXNativeTarget "just-safari-qrcode Extension" */;
			buildPhases = (
				0CBEAE1B9ADEB0DE145EF91A /* [CP] Check Pods Manifest.lock */,
				61E258CE23E6DC2400FB1694 /* Sources */,
				61E258CF23E6DC2400FB1694 /* Frameworks */,
				61E258D023E6DC2400FB1694 /* Resources */,
			);
			buildRules = (
			);
			dependencies = (
			);
			name = "just-safari-qrcode Extension";
			productName = "just-safari-qrcode Extension";
			productReference = 61E258D223E6DC2400FB1694 /* just-safari-qrcode Extension.appex */;
			productType = "com.apple.product-type.app-extension";
		};
/* End PBXNativeTarget section */

/* Begin PBXProject section */
		61E258A123E6DC2100FB1694 /* Project object */ = {
			isa = PBXProject;
			attributes = {
				LastSwiftUpdateCheck = 1130;
				LastUpgradeCheck = 1130;
				ORGANIZATIONNAME = Sunaiwen;
				TargetAttributes = {
					61E258A823E6DC2100FB1694 = {
						CreatedOnToolsVersion = 11.3.1;
					};
					61E258BB23E6DC2400FB1694 = {
						CreatedOnToolsVersion = 11.3.1;
						TestTargetID = 61E258A823E6DC2100FB1694;
					};
					61E258C623E6DC2400FB1694 = {
						CreatedOnToolsVersion = 11.3.1;
						TestTargetID = 61E258A823E6DC2100FB1694;
					};
					61E258D123E6DC2400FB1694 = {
						CreatedOnToolsVersion = 11.3.1;
					};
				};
			};
			buildConfigurationList = 61E258A423E6DC2100FB1694 /* Build configuration list for PBXProject "just-safari-qrcode" */;
			compatibilityVersion = "Xcode 9.3";
			developmentRegion = en;
			hasScannedForEncodings = 0;
			knownRegions = (
				en,
				Base,
			);
			mainGroup = 61E258A023E6DC2100FB1694;
			productRefGroup = 61E258AA23E6DC2100FB1694 /* Products */;
			projectDirPath = "";
			projectRoot = "";
			targets = (
				61E258A823E6DC2100FB1694 /* just-safari-qrcode */,
				61E258BB23E6DC2400FB1694 /* just-safari-qrcodeTests */,
				61E258C623E6DC2400FB1694 /* just-safari-qrcodeUITests */,
				61E258D123E6DC2400FB1694 /* just-safari-qrcode Extension */,
			);
		};
/* End PBXProject section */

/* Begin PBXResourcesBuildPhase section */
		61E258A723E6DC2100FB1694 /* Resources */ = {
			isa = PBXResourcesBuildPhase;
			buildActionMask = 2147483647;
			files = (
				61E258AD23E6DC2100FB1694 /* just_safari_qrcode.entitlements in Resources */,
				61E258B623E6DC2300FB1694 /* Assets.xcassets in Resources */,
				61E258B223E6DC2100FB1694 /* Main.storyboard in Resources */,
			);
			runOnlyForDeploymentPostprocessing = 0;
		};
		61E258BA23E6DC2400FB1694 /* Resources */ = {
			isa = PBXResourcesBuildPhase;
			buildActionMask = 2147483647;
			files = (
			);
			runOnlyForDeploymentPostprocessing = 0;
		};
		61E258C523E6DC2400FB1694 /* Resources */ = {
			isa = PBXResourcesBuildPhase;
			buildActionMask = 2147483647;
			files = (
			);
			runOnlyForDeploymentPostprocessing = 0;
		};
		61E258D023E6DC2400FB1694 /* Resources */ = {
			isa = PBXResourcesBuildPhase;
			buildActionMask = 2147483647;
			files = (
				61E258E523E6DC2400FB1694 /* ToolbarItemIcon.pdf in Resources */,
				61E258E023E6DC2400FB1694 /* SafariExtensionViewController.xib in Resources */,
				61E258F923E81C7B00FB1694 /* Podfile in Resources */,
				61E258E323E6DC2400FB1694 /* script.js in Resources */,
			);
			runOnlyForDeploymentPostprocessing = 0;
		};
/* End PBXResourcesBuildPhase section */

/* Begin PBXShellScriptBuildPhase section */
		0CBEAE1B9ADEB0DE145EF91A /* [CP] Check Pods Manifest.lock */ = {
			isa = PBXShellScriptBuildPhase;
			buildActionMask = 2147483647;
			files = (
			);
			inputFileListPaths = (
			);
			inputPaths = (
				"${PODS_PODFILE_DIR_PATH}/Podfile.lock",
				"${PODS_ROOT}/Manifest.lock",
			);
			name = "[CP] Check Pods Manifest.lock";
			outputFileListPaths = (
			);
			outputPaths = (
				"$(DERIVED_FILE_DIR)/Pods-just-safari-qrcode Extension-checkManifestLockResult.txt",
			);
			runOnlyForDeploymentPostprocessing = 0;
			shellPath = /bin/sh;
			shellScript = "diff \"${PODS_PODFILE_DIR_PATH}/Podfile.lock\" \"${PODS_ROOT}/Manifest.lock\" > /dev/null\nif [ $? != 0 ] ; then\n    # print error to STDERR\n    echo \"error: The sandbox is not in sync with the Podfile.lock. Run 'pod install' or update your CocoaPods installation.\" >&2\n    exit 1\nfi\n# This output is used by Xcode 'outputs' to avoid re-running this script phase.\necho \"SUCCESS\" > \"${SCRIPT_OUTPUT_FILE_0}\"\n";
			showEnvVarsInLog = 0;
		};
		1957F659F3FDAA2D5D6EA011 /* [CP] Check Pods Manifest.lock */ = {
			isa = PBXShellScriptBuildPhase;
			buildActionMask = 2147483647;
			files = (
			);
			inputFileListPaths = (
			);
			inputPaths = (
				"${PODS_PODFILE_DIR_PATH}/Podfile.lock",
				"${PODS_ROOT}/Manifest.lock",
			);
			name = "[CP] Check Pods Manifest.lock";
			outputFileListPaths = (
			);
			outputPaths = (
				"$(DERIVED_FILE_DIR)/Pods-just-safari-qrcode-just-safari-qrcodeUITests-checkManifestLockResult.txt",
			);
			runOnlyForDeploymentPostprocessing = 0;
			shellPath = /bin/sh;
			shellScript = "diff \"${PODS_PODFILE_DIR_PATH}/Podfile.lock\" \"${PODS_ROOT}/Manifest.lock\" > /dev/null\nif [ $? != 0 ] ; then\n    # print error to STDERR\n    echo \"error: The sandbox is not in sync with the Podfile.lock. Run 'pod install' or update your CocoaPods installation.\" >&2\n    exit 1\nfi\n# This output is used by Xcode 'outputs' to avoid re-running this script phase.\necho \"SUCCESS\" > \"${SCRIPT_OUTPUT_FILE_0}\"\n";
			showEnvVarsInLog = 0;
		};
		33FA23F268897B6D9E385F11 /* [CP] Check Pods Manifest.lock */ = {
			isa = PBXShellScriptBuildPhase;
			buildActionMask = 2147483647;
			files = (
			);
			inputFileListPaths = (
			);
			inputPaths = (
				"${PODS_PODFILE_DIR_PATH}/Podfile.lock",
				"${PODS_ROOT}/Manifest.lock",
			);
			name = "[CP] Check Pods Manifest.lock";
			outputFileListPaths = (
			);
			outputPaths = (
				"$(DERIVED_FILE_DIR)/Pods-just-safari-qrcodeTests-checkManifestLockResult.txt",
			);
			runOnlyForDeploymentPostprocessing = 0;
			shellPath = /bin/sh;
			shellScript = "diff \"${PODS_PODFILE_DIR_PATH}/Podfile.lock\" \"${PODS_ROOT}/Manifest.lock\" > /dev/null\nif [ $? != 0 ] ; then\n    # print error to STDERR\n    echo \"error: The sandbox is not in sync with the Podfile.lock. Run 'pod install' or update your CocoaPods installation.\" >&2\n    exit 1\nfi\n# This output is used by Xcode 'outputs' to avoid re-running this script phase.\necho \"SUCCESS\" > \"${SCRIPT_OUTPUT_FILE_0}\"\n";
			showEnvVarsInLog = 0;
		};
		78BC9F60C9A31FA4C8416A98 /* [CP] Embed Pods Frameworks */ = {
			isa = PBXShellScriptBuildPhase;
			buildActionMask = 2147483647;
			files = (
			);
			inputFileListPaths = (
				"${PODS_ROOT}/Target Support Files/Pods-just-safari-qrcode/Pods-just-safari-qrcode-frameworks-${CONFIGURATION}-input-files.xcfilelist",
			);
			name = "[CP] Embed Pods Frameworks";
			outputFileListPaths = (
				"${PODS_ROOT}/Target Support Files/Pods-just-safari-qrcode/Pods-just-safari-qrcode-frameworks-${CONFIGURATION}-output-files.xcfilelist",
			);
			runOnlyForDeploymentPostprocessing = 0;
			shellPath = /bin/sh;
			shellScript = "\"${PODS_ROOT}/Target Support Files/Pods-just-safari-qrcode/Pods-just-safari-qrcode-frameworks.sh\"\n";
			showEnvVarsInLog = 0;
		};
		9E0B8317BD7504E0B075438D /* [CP] Check Pods Manifest.lock */ = {
			isa = PBXShellScriptBuildPhase;
			buildActionMask = 2147483647;
			files = (
			);
			inputFileListPaths = (
			);
			inputPaths = (
				"${PODS_PODFILE_DIR_PATH}/Podfile.lock",
				"${PODS_ROOT}/Manifest.lock",
			);
			name = "[CP] Check Pods Manifest.lock";
			outputFileListPaths = (
			);
			outputPaths = (
				"$(DERIVED_FILE_DIR)/Pods-just-safari-qrcode-checkManifestLockResult.txt",
			);
			runOnlyForDeploymentPostprocessing = 0;
			shellPath = /bin/sh;
			shellScript = "diff \"${PODS_PODFILE_DIR_PATH}/Podfile.lock\" \"${PODS_ROOT}/Manifest.lock\" > /dev/null\nif [ $? != 0 ] ; then\n    # print error to STDERR\n    echo \"error: The sandbox is not in sync with the Podfile.lock. Run 'pod install' or update your CocoaPods installation.\" >&2\n    exit 1\nfi\n# This output is used by Xcode 'outputs' to avoid re-running this script phase.\necho \"SUCCESS\" > \"${SCRIPT_OUTPUT_FILE_0}\"\n";
			showEnvVarsInLog = 0;
		};
		A430209EBADC702DF1A75596 /* [CP] Embed Pods Frameworks */ = {
			isa = PBXShellScriptBuildPhase;
			buildActionMask = 2147483647;
			files = (
			);
			inputFileListPaths = (
				"${PODS_ROOT}/Target Support Files/Pods-just-safari-qrcode-just-safari-qrcodeUITests/Pods-just-safari-qrcode-just-safari-qrcodeUITests-frameworks-${CONFIGURATION}-input-files.xcfilelist",
			);
			name = "[CP] Embed Pods Frameworks";
			outputFileListPaths = (
				"${PODS_ROOT}/Target Support Files/Pods-just-safari-qrcode-just-safari-qrcodeUITests/Pods-just-safari-qrcode-just-safari-qrcodeUITests-frameworks-${CONFIGURATION}-output-files.xcfilelist",
			);
			runOnlyForDeploymentPostprocessing = 0;
			shellPath = /bin/sh;
			shellScript = "\"${PODS_ROOT}/Target Support Files/Pods-just-safari-qrcode-just-safari-qrcodeUITests/Pods-just-safari-qrcode-just-safari-qrcodeUITests-frameworks.sh\"\n";
			showEnvVarsInLog = 0;
		};
/* End PBXShellScriptBuildPhase section */

/* Begin PBXSourcesBuildPhase section */
		61E258A523E6DC2100FB1694 /* Sources */ = {
			isa = PBXSourcesBuildPhase;
			buildActionMask = 2147483647;
			files = (
				61E258B423E6DC2100FB1694 /* ViewController.swift in Sources */,
				61E258AF23E6DC2100FB1694 /* AppDelegate.swift in Sources */,
			);
			runOnlyForDeploymentPostprocessing = 0;
		};
		61E258B823E6DC2400FB1694 /* Sources */ = {
			isa = PBXSourcesBuildPhase;
			buildActionMask = 2147483647;
			files = (
				61E258C123E6DC2400FB1694 /* just_safari_qrcodeTests.swift in Sources */,
			);
			runOnlyForDeploymentPostprocessing = 0;
		};
		61E258C323E6DC2400FB1694 /* Sources */ = {
			isa = PBXSourcesBuildPhase;
			buildActionMask = 2147483647;
			files = (
				61E258CC23E6DC2400FB1694 /* just_safari_qrcodeUITests.swift in Sources */,
			);
			runOnlyForDeploymentPostprocessing = 0;
		};
		61E258CE23E6DC2400FB1694 /* Sources */ = {
			isa = PBXSourcesBuildPhase;
			buildActionMask = 2147483647;
			files = (
				61E258DD23E6DC2400FB1694 /* SafariExtensionViewController.swift in Sources */,
				61E258DB23E6DC2400FB1694 /* SafariExtensionHandler.swift in Sources */,
			);
			runOnlyForDeploymentPostprocessing = 0;
		};
/* End PBXSourcesBuildPhase section */

/* Begin PBXTargetDependency section */
		61E258BE23E6DC2400FB1694 /* PBXTargetDependency */ = {
			isa = PBXTargetDependency;
			target = 61E258A823E6DC2100FB1694 /* just-safari-qrcode */;
			targetProxy = 61E258BD23E6DC2400FB1694 /* PBXContainerItemProxy */;
		};
		61E258C923E6DC2400FB1694 /* PBXTargetDependency */ = {
			isa = PBXTargetDependency;
			target = 61E258A823E6DC2100FB1694 /* just-safari-qrcode */;
			targetProxy = 61E258C823E6DC2400FB1694 /* PBXContainerItemProxy */;
		};
		61E258D523E6DC2400FB1694 /* PBXTargetDependency */ = {
			isa = PBXTargetDependency;
			target = 61E258D123E6DC2400FB1694 /* just-safari-qrcode Extension */;
			targetProxy = 61E258D423E6DC2400FB1694 /* PBXContainerItemProxy */;
		};
/* End PBXTargetDependency section */

/* Begin PBXVariantGroup section */
		61E258B023E6DC2100FB1694 /* Main.storyboard */ = {
			isa = PBXVariantGroup;
			children = (
				61E258B123E6DC2100FB1694 /* Base */,
			);
			name = Main.storyboard;
			sourceTree = "<group>";
		};
		61E258DE23E6DC2400FB1694 /* SafariExtensionViewController.xib */ = {
			isa = PBXVariantGroup;
			children = (
				61E258DF23E6DC2400FB1694 /* Base */,
			);
			name = SafariExtensionViewController.xib;
			sourceTree = "<group>";
		};
/* End PBXVariantGroup section */

/* Begin XCBuildConfiguration section */
		61E258E723E6DC2400FB1694 /* Debug */ = {
			isa = XCBuildConfiguration;
			buildSettings = {
				ALWAYS_SEARCH_USER_PATHS = NO;
				CLANG_ANALYZER_NONNULL = YES;
				CLANG_ANALYZER_NUMBER_OBJECT_CONVERSION = YES_AGGRESSIVE;
				CLANG_CXX_LANGUAGE_STANDARD = "gnu++14";
				CLANG_CXX_LIBRARY = "libc++";
				CLANG_ENABLE_MODULES = YES;
				CLANG_ENABLE_OBJC_ARC = YES;
				CLANG_ENABLE_OBJC_WEAK = YES;
				CLANG_WARN_BLOCK_CAPTURE_AUTORELEASING = YES;
				CLANG_WARN_BOOL_CONVERSION = YES;
				CLANG_WARN_COMMA = YES;
				CLANG_WARN_CONSTANT_CONVERSION = YES;
				CLANG_WARN_DEPRECATED_OBJC_IMPLEMENTATIONS = YES;
				CLANG_WARN_DIRECT_OBJC_ISA_USAGE = YES_ERROR;
				CLANG_WARN_DOCUMENTATION_COMMENTS = YES;
				CLANG_WARN_EMPTY_BODY = YES;
				CLANG_WARN_ENUM_CONVERSION = YES;
				CLANG_WARN_INFINITE_RECURSION = YES;
				CLANG_WARN_INT_CONVERSION = YES;
				CLANG_WARN_NON_LITERAL_NULL_CONVERSION = YES;
				CLANG_WARN_OBJC_IMPLICIT_RETAIN_SELF = YES;
				CLANG_WARN_OBJC_LITERAL_CONVERSION = YES;
				CLANG_WARN_OBJC_ROOT_CLASS = YES_ERROR;
				CLANG_WARN_RANGE_LOOP_ANALYSIS = YES;
				CLANG_WARN_STRICT_PROTOTYPES = YES;
				CLANG_WARN_SUSPICIOUS_MOVE = YES;
				CLANG_WARN_UNGUARDED_AVAILABILITY = YES_AGGRESSIVE;
				CLANG_WARN_UNREACHABLE_CODE = YES;
				CLANG_WARN__DUPLICATE_METHOD_MATCH = YES;
				COPY_PHASE_STRIP = NO;
				DEBUG_INFORMATION_FORMAT = dwarf;
				ENABLE_STRICT_OBJC_MSGSEND = YES;
				ENABLE_TESTABILITY = YES;
				GCC_C_LANGUAGE_STANDARD = gnu11;
				GCC_DYNAMIC_NO_PIC = NO;
				GCC_NO_COMMON_BLOCKS = YES;
				GCC_OPTIMIZATION_LEVEL = 0;
				GCC_PREPROCESSOR_DEFINITIONS = (
					"DEBUG=1",
					"$(inherited)",
				);
				GCC_WARN_64_TO_32_BIT_CONVERSION = YES;
				GCC_WARN_ABOUT_RETURN_TYPE = YES_ERROR;
				GCC_WARN_UNDECLARED_SELECTOR = YES;
				GCC_WARN_UNINITIALIZED_AUTOS = YES_AGGRESSIVE;
				GCC_WARN_UNUSED_FUNCTION = YES;
				GCC_WARN_UNUSED_VARIABLE = YES;
				MACOSX_DEPLOYMENT_TARGET = 10.15;
				MTL_ENABLE_DEBUG_INFO = INCLUDE_SOURCE;
				MTL_FAST_MATH = YES;
				ONLY_ACTIVE_ARCH = YES;
				SDKROOT = macosx;
				SWIFT_ACTIVE_COMPILATION_CONDITIONS = DEBUG;
				SWIFT_OPTIMIZATION_LEVEL = "-Onone";
			};
			name = Debug;
		};
		61E258E823E6DC2400FB1694 /* Release */ = {
			isa = XCBuildConfiguration;
			buildSettings = {
				ALWAYS_SEARCH_USER_PATHS = NO;
				CLANG_ANALYZER_NONNULL = YES;
				CLANG_ANALYZER_NUMBER_OBJECT_CONVERSION = YES_AGGRESSIVE;
				CLANG_CXX_LANGUAGE_STANDARD = "gnu++14";
				CLANG_CXX_LIBRARY = "libc++";
				CLANG_ENABLE_MODULES = YES;
				CLANG_ENABLE_OBJC_ARC = YES;
				CLANG_ENABLE_OBJC_WEAK = YES;
				CLANG_WARN_BLOCK_CAPTURE_AUTORELEASING = YES;
				CLANG_WARN_BOOL_CONVERSION = YES;
				CLANG_WARN_COMMA = YES;
				CLANG_WARN_CONSTANT_CONVERSION = YES;
				CLANG_WARN_DEPRECATED_OBJC_IMPLEMENTATIONS = YES;
				CLANG_WARN_DIRECT_OBJC_ISA_USAGE = YES_ERROR;
				CLANG_WARN_DOCUMENTATION_COMMENTS = YES;
				CLANG_WARN_EMPTY_BODY = YES;
				CLANG_WARN_ENUM_CONVERSION = YES;
				CLANG_WARN_INFINITE_RECURSION = YES;
				CLANG_WARN_INT_CONVERSION = YES;
				CLANG_WARN_NON_LITERAL_NULL_CONVERSION = YES;
				CLANG_WARN_OBJC_IMPLICIT_RETAIN_SELF = YES;
				CLANG_WARN_OBJC_LITERAL_CONVERSION = YES;
				CLANG_WARN_OBJC_ROOT_CLASS = YES_ERROR;
				CLANG_WARN_RANGE_LOOP_ANALYSIS = YES;
				CLANG_WARN_STRICT_PROTOTYPES = YES;
				CLANG_WARN_SUSPICIOUS_MOVE = YES;
				CLANG_WARN_UNGUARDED_AVAILABILITY = YES_AGGRESSIVE;
				CLANG_WARN_UNREACHABLE_CODE = YES;
				CLANG_WARN__DUPLICATE_METHOD_MATCH = YES;
				COPY_PHASE_STRIP = NO;
				DEBUG_INFORMATION_FORMAT = "dwarf-with-dsym";
				ENABLE_NS_ASSERTIONS = NO;
				ENABLE_STRICT_OBJC_MSGSEND = YES;
				GCC_C_LANGUAGE_STANDARD = gnu11;
				GCC_NO_COMMON_BLOCKS = YES;
				GCC_WARN_64_TO_32_BIT_CONVERSION = YES;
				GCC_WARN_ABOUT_RETURN_TYPE = YES_ERROR;
				GCC_WARN_UNDECLARED_SELECTOR = YES;
				GCC_WARN_UNINITIALIZED_AUTOS = YES_AGGRESSIVE;
				GCC_WARN_UNUSED_FUNCTION = YES;
				GCC_WARN_UNUSED_VARIABLE = YES;
				MACOSX_DEPLOYMENT_TARGET = 10.15;
				MTL_ENABLE_DEBUG_INFO = NO;
				MTL_FAST_MATH = YES;
				SDKROOT = macosx;
				SWIFT_COMPILATION_MODE = wholemodule;
				SWIFT_OPTIMIZATION_LEVEL = "-O";
			};
			name = Release;
		};
		61E258EA23E6DC2400FB1694 /* Debug */ = {
			isa = XCBuildConfiguration;
			baseConfigurationReference = 107975DE5B388D44468108A1 /* Pods-just-safari-qrcode Extension.debug.xcconfig */;
			buildSettings = {
				CODE_SIGN_ENTITLEMENTS = "just-safari-qrcode Extension/just_safari_qrcode_Extension.entitlements";
				CODE_SIGN_STYLE = Automatic;
				DEVELOPMENT_TEAM = NZLU9C9XZ9;
				ENABLE_HARDENED_RUNTIME = YES;
				INFOPLIST_FILE = "just-safari-qrcode Extension/Info.plist";
				LD_RUNPATH_SEARCH_PATHS = (
					"$(inherited)",
					"@executable_path/../Frameworks",
					"@executable_path/../../../../Frameworks",
				);
				PRODUCT_BUNDLE_IDENTIFIER = "sunaiwen.just-safari-qrcode-Extension";
				PRODUCT_NAME = "$(TARGET_NAME)";
				SKIP_INSTALL = YES;
				SWIFT_VERSION = 5.0;
			};
			name = Debug;
		};
		61E258EB23E6DC2400FB1694 /* Release */ = {
			isa = XCBuildConfiguration;
			baseConfigurationReference = E20CE94D8B3E3981D8F8C97B /* Pods-just-safari-qrcode Extension.release.xcconfig */;
			buildSettings = {
				CODE_SIGN_ENTITLEMENTS = "just-safari-qrcode Extension/just_safari_qrcode_Extension.entitlements";
				CODE_SIGN_STYLE = Automatic;
				DEVELOPMENT_TEAM = NZLU9C9XZ9;
				ENABLE_HARDENED_RUNTIME = YES;
				INFOPLIST_FILE = "just-safari-qrcode Extension/Info.plist";
				LD_RUNPATH_SEARCH_PATHS = (
					"$(inherited)",
					"@executable_path/../Frameworks",
					"@executable_path/../../../../Frameworks",
				);
				PRODUCT_BUNDLE_IDENTIFIER = "sunaiwen.just-safari-qrcode-Extension";
				PRODUCT_NAME = "$(TARGET_NAME)";
				SKIP_INSTALL = YES;
				SWIFT_VERSION = 5.0;
			};
			name = Release;
		};
		61E258EE23E6DC2400FB1694 /* Debug */ = {
			isa = XCBuildConfiguration;
			baseConfigurationReference = 16D2BD93ED18A8719A9B429F /* Pods-just-safari-qrcode.debug.xcconfig */;
			buildSettings = {
				ASSETCATALOG_COMPILER_APPICON_NAME = AppIcon;
				CODE_SIGN_ENTITLEMENTS = "just-safari-qrcode/just_safari_qrcode.entitlements";
				CODE_SIGN_STYLE = Automatic;
				COMBINE_HIDPI_IMAGES = YES;
				DEVELOPMENT_TEAM = NZLU9C9XZ9;
				ENABLE_HARDENED_RUNTIME = YES;
				INFOPLIST_FILE = "just-safari-qrcode/Info.plist";
				LD_RUNPATH_SEARCH_PATHS = (
					"$(inherited)",
					"@executable_path/../Frameworks",
				);
				PRODUCT_BUNDLE_IDENTIFIER = "sunaiwen.just-safari-qrcode";
				PRODUCT_NAME = "$(TARGET_NAME)";
				SWIFT_VERSION = 5.0;
			};
			name = Debug;
		};
		61E258EF23E6DC2400FB1694 /* Release */ = {
			isa = XCBuildConfiguration;
			baseConfigurationReference = C8F8A50687D24D742F8F8F67 /* Pods-just-safari-qrcode.release.xcconfig */;
			buildSettings = {
				ASSETCATALOG_COMPILER_APPICON_NAME = AppIcon;
				CODE_SIGN_ENTITLEMENTS = "just-safari-qrcode/just_safari_qrcode.entitlements";
				CODE_SIGN_STYLE = Automatic;
				COMBINE_HIDPI_IMAGES = YES;
				DEVELOPMENT_TEAM = NZLU9C9XZ9;
				ENABLE_HARDENED_RUNTIME = YES;
				INFOPLIST_FILE = "just-safari-qrcode/Info.plist";
				LD_RUNPATH_SEARCH_PATHS = (
					"$(inherited)",
					"@executable_path/../Frameworks",
				);
				PRODUCT_BUNDLE_IDENTIFIER = "sunaiwen.just-safari-qrcode";
				PRODUCT_NAME = "$(TARGET_NAME)";
				SWIFT_VERSION = 5.0;
			};
			name = Release;
		};
		61E258F123E6DC2400FB1694 /* Debug */ = {
			isa = XCBuildConfiguration;
			baseConfigurationReference = 5BE36FF8132D9C5E7F81612D /* Pods-just-safari-qrcodeTests.debug.xcconfig */;
			buildSettings = {
				BUNDLE_LOADER = "$(TEST_HOST)";
				CODE_SIGN_STYLE = Automatic;
				COMBINE_HIDPI_IMAGES = YES;
				DEVELOPMENT_TEAM = NZLU9C9XZ9;
				INFOPLIST_FILE = "just-safari-qrcodeTests/Info.plist";
				LD_RUNPATH_SEARCH_PATHS = (
					"$(inherited)",
					"@executable_path/../Frameworks",
					"@loader_path/../Frameworks",
				);
				MACOSX_DEPLOYMENT_TARGET = 10.15;
				PRODUCT_BUNDLE_IDENTIFIER = "sunaiwen.just-safari-qrcodeTests";
				PRODUCT_NAME = "$(TARGET_NAME)";
				SWIFT_VERSION = 5.0;
				TEST_HOST = "$(BUILT_PRODUCTS_DIR)/just-safari-qrcode.app/Contents/MacOS/just-safari-qrcode";
			};
			name = Debug;
		};
		61E258F223E6DC2400FB1694 /* Release */ = {
			isa = XCBuildConfiguration;
			baseConfigurationReference = 04913960DD7AF744EAE487A1 /* Pods-just-safari-qrcodeTests.release.xcconfig */;
			buildSettings = {
				BUNDLE_LOADER = "$(TEST_HOST)";
				CODE_SIGN_STYLE = Automatic;
				COMBINE_HIDPI_IMAGES = YES;
				DEVELOPMENT_TEAM = NZLU9C9XZ9;
				INFOPLIST_FILE = "just-safari-qrcodeTests/Info.plist";
				LD_RUNPATH_SEARCH_PATHS = (
					"$(inherited)",
					"@executable_path/../Frameworks",
					"@loader_path/../Frameworks",
				);
				MACOSX_DEPLOYMENT_TARGET = 10.15;
				PRODUCT_BUNDLE_IDENTIFIER = "sunaiwen.just-safari-qrcodeTests";
				PRODUCT_NAME = "$(TARGET_NAME)";
				SWIFT_VERSION = 5.0;
				TEST_HOST = "$(BUILT_PRODUCTS_DIR)/just-safari-qrcode.app/Contents/MacOS/just-safari-qrcode";
			};
			name = Release;
		};
		61E258F423E6DC2400FB1694 /* Debug */ = {
			isa = XCBuildConfiguration;
			baseConfigurationReference = 81AC2799CD6F99DEC8830035 /* Pods-just-safari-qrcode-just-safari-qrcodeUITests.debug.xcconfig */;
			buildSettings = {
				CODE_SIGN_STYLE = Automatic;
				COMBINE_HIDPI_IMAGES = YES;
				DEVELOPMENT_TEAM = NZLU9C9XZ9;
				INFOPLIST_FILE = "just-safari-qrcodeUITests/Info.plist";
				LD_RUNPATH_SEARCH_PATHS = (
					"$(inherited)",
					"@executable_path/../Frameworks",
					"@loader_path/../Frameworks",
				);
				PRODUCT_BUNDLE_IDENTIFIER = "sunaiwen.just-safari-qrcodeUITests";
				PRODUCT_NAME = "$(TARGET_NAME)";
				SWIFT_VERSION = 5.0;
				TEST_TARGET_NAME = "just-safari-qrcode";
			};
			name = Debug;
		};
		61E258F523E6DC2400FB1694 /* Release */ = {
			isa = XCBuildConfiguration;
			baseConfigurationReference = 8B75A950E6B38E15DD778A98 /* Pods-just-safari-qrcode-just-safari-qrcodeUITests.release.xcconfig */;
			buildSettings = {
				CODE_SIGN_STYLE = Automatic;
				COMBINE_HIDPI_IMAGES = YES;
				DEVELOPMENT_TEAM = NZLU9C9XZ9;
				INFOPLIST_FILE = "just-safari-qrcodeUITests/Info.plist";
				LD_RUNPATH_SEARCH_PATHS = (
					"$(inherited)",
					"@executable_path/../Frameworks",
					"@loader_path/../Frameworks",
				);
				PRODUCT_BUNDLE_IDENTIFIER = "sunaiwen.just-safari-qrcodeUITests";
				PRODUCT_NAME = "$(TARGET_NAME)";
				SWIFT_VERSION = 5.0;
				TEST_TARGET_NAME = "just-safari-qrcode";
			};
			name = Release;
		};
/* End XCBuildConfiguration section */

/* Begin XCConfigurationList section */
		61E258A423E6DC2100FB1694 /* Build configuration list for PBXProject "just-safari-qrcode" */ = {
			isa = XCConfigurationList;
			buildConfigurations = (
				61E258E723E6DC2400FB1694 /* Debug */,
				61E258E823E6DC2400FB1694 /* Release */,
			);
			defaultConfigurationIsVisible = 0;
			defaultConfigurationName = Release;
		};
		61E258E923E6DC2400FB1694 /* Build configuration list for PBXNativeTarget "just-safari-qrcode Extension" */ = {
			isa = XCConfigurationList;
			buildConfigurations = (
				61E258EA23E6DC2400FB1694 /* Debug */,
				61E258EB23E6DC2400FB1694 /* Release */,
			);
			defaultConfigurationIsVisible = 0;
			defaultConfigurationName = Release;
		};
		61E258ED23E6DC2400FB1694 /* Build configuration list for PBXNativeTarget "just-safari-qrcode" */ = {
			isa = XCConfigurationList;
			buildConfigurations = (
				61E258EE23E6DC2400FB1694 /* Debug */,
				61E258EF23E6DC2400FB1694 /* Release */,
			);
			defaultConfigurationIsVisible = 0;
			defaultConfigurationName = Release;
		};
		61E258F023E6DC2400FB1694 /* Build configuration list for PBXNativeTarget "just-safari-qrcodeTests" */ = {
			isa = XCConfigurationList;
			buildConfigurations = (
				61E258F123E6DC2400FB1694 /* Debug */,
				61E258F223E6DC2400FB1694 /* Release */,
			);
			defaultConfigurationIsVisible = 0;
			defaultConfigurationName = Release;
		};
		61E258F323E6DC2400FB1694 /* Build configuration list for PBXNativeTarget "just-safari-qrcodeUITests" */ = {
			isa = XCConfigurationList;
			buildConfigurations = (
				61E258F423E6DC2400FB1694 /* Debug */,
				61E258F523E6DC2400FB1694 /* Release */,
			);
			defaultConfigurationIsVisible = 0;
			defaultConfigurationName = Release;
		};
/* End XCConfigurationList section */
	};
	rootObject = 61E258A123E6DC2100FB1694 /* Project object */;
}
